
Microsoft Visual Studio Solution File, Format Version 12.00
# Visual Studio Version 16
VisualStudioVersion = 16.0.29926.136
MinimumVisualStudioVersion = 10.0.40219.1
Project("{FAE04EC0-301F-11D3-BF4B-00C04F79EFBC}") = "CrmBl", "CrmBl\CrmBl.csproj", "{E54932C7-566F-4E0A-B17D-686E23E49952}"
EndProject
Project("{FAE04EC0-301F-11D3-BF4B-00C04F79EFBC}") = "CrmUi", "CrmUi\CrmUi.csproj", "{F93A56D9-E73D-4100-B1B0-FC77FA0A2400}"
EndProject
Project("{FAE04EC0-301F-11D3-BF4B-00C04F79EFBC}") = "CrmBlTests", "CrmBlTests\CrmBlTests.csproj", "{0A497753-EB25-4822-A6CF-D354B7E48D36}"
EndProject
Global
	GlobalSection(SolutionConfigurationPlatforms) = preSolution
		Debug|Any CPU = Debug|Any CPU
		Release|Any CPU = Release|Any CPU
	EndGlobalSection
	GlobalSection(ProjectConfigurationPlatforms) = postSolution
		{E54932C7-566F-4E0A-B17D-686E23E49952}.Debug|Any CPU.ActiveCfg = Debug|Any CPU
		{E54932C7-566F-4E0A-B17D-686E23E49952}.Debug|Any CPU.Build.0 = Debug|Any CPU
		{E54932C7-566F-4E0A-B17D-686E23E49952}.Release|Any CPU.ActiveCfg = Release|Any CPU
		{E54932C7-566F-4E0A-B17D-686E23E49952}.Release|Any CPU.Build.0 = Release|Any CPU
		{F93A56D9-E73D-4100-B1B0-FC77FA0A2400}.Debug|Any CPU.ActiveCfg = Debug|Any CPU
		{F93A56D9-E73D-4100-B1B0-FC77FA0A2400}.Debug|Any CPU.Build.0 = Debug|Any CPU
		{F93A56D9-E73D-4100-B1B0-FC77FA0A2400}.Release|Any CPU.ActiveCfg = Release|Any CPU
		{F93A56D9-E73D-4100-B1B0-FC77FA0A2400}.Release|Any CPU.Build.0 = Release|Any CPU
		{0A497753-EB25-4822-A6CF-D354B7E48D36}.Debug|Any CPU.ActiveCfg = Debug|Any CPU
		{0A497753-EB25-4822-A6CF-D354B7E48D36}.Debug|Any CPU.Build.0 = Debug|Any CPU
		{0A497753-EB25-4822-A6CF-D354B7E48D36}.Release|Any CPU.ActiveCfg = Release|Any CPU
		{0A497753-EB25-4822-A6CF-D354B7E48D36}.Release|Any CPU.Build.0 = Release|Any CPU
	EndGlobalSection
	GlobalSection(SolutionProperties) = preSolution
		HideSolutionNode = FALSE
	EndGlobalSection
	GlobalSection(ExtensibilityGlobals) = postSolution
		SolutionGuid = {71726EAF-D2DB-4589-AF73-19C993C7B0A2}
	EndGlobalSection
EndGlobal
